
Microsoft Visual Studio Solution File, Format Version 12.00
# Visual Studio Version 17
VisualStudioVersion = 17.2.32616.157
MinimumVisualStudioVersion = 10.0.40219.1
Project("{FAE04EC0-301F-11D3-BF4B-00C04F79EFBC}") = "Inheritancetest", "Inheritancetest\Inheritancetest.csproj", "{139E871A-D544-41B8-8DA5-D3E21C5C8E4F}"
EndProject
Global
	GlobalSection(SolutionConfigurationPlatforms) = preSolution
		Debug|Any CPU = Debug|Any CPU
		Release|Any CPU = Release|Any CPU
	EndGlobalSection
	GlobalSection(ProjectConfigurationPlatforms) = postSolution
		{139E871A-D544-41B8-8DA5-D3E21C5C8E4F}.Debug|Any CPU.ActiveCfg = Debug|Any CPU
		{139E871A-D544-41B8-8DA5-D3E21C5C8E4F}.Debug|Any CPU.Build.0 = Debug|Any CPU
		{139E871A-D544-41B8-8DA5-D3E21C5C8E4F}.Release|Any CPU.ActiveCfg = Release|Any CPU
		{139E871A-D544-41B8-8DA5-D3E21C5C8E4F}.Release|Any CPU.Build.0 = Release|Any CPU
	EndGlobalSection
	GlobalSection(SolutionProperties) = preSolution
		HideSolutionNode = FALSE
	EndGlobalSection
	GlobalSection(ExtensibilityGlobals) = postSolution
		SolutionGuid = {7179B06C-548C-4C61-BA27-EFA55EE2A21B}
	EndGlobalSection
EndGlobal
